
Microsoft Visual Studio Solution File, Format Version 12.00
# Visual Studio 14
VisualStudioVersion = 14.0.25420.1
MinimumVisualStudioVersion = 10.0.40219.1
Project("{FAE04EC0-301F-11D3-BF4B-00C04F79EFBC}") = "JsonWebAsync", "JsonWebAsync\JsonWebAsync.csproj", "{B4E73E8C-7B93-4D54-8480-A7784A469770}"
EndProject
Project("{FAE04EC0-301F-11D3-BF4B-00C04F79EFBC}") = "TestJsonWebAsync", "..\TestJsonWebAsync\TestJsonWebAsync\TestJsonWebAsync.csproj", "{DBF9F043-F881-469E-BA07-D2799EED5967}"
EndProject
Global
	GlobalSection(SolutionConfigurationPlatforms) = preSolution
		Debug|Any CPU = Debug|Any CPU
		Debug|ARM = Debug|ARM
		Debug|x64 = Debug|x64
		Debug|x86 = Debug|x86
		Release|Any CPU = Release|Any CPU
		Release|ARM = Release|ARM
		Release|x64 = Release|x64
		Release|x86 = Release|x86
	EndGlobalSection
	GlobalSection(ProjectConfigurationPlatforms) = postSolution
		{B4E73E8C-7B93-4D54-8480-A7784A469770}.Debug|Any CPU.ActiveCfg = Debug|Any CPU
		{B4E73E8C-7B93-4D54-8480-A7784A469770}.Debug|Any CPU.Build.0 = Debug|Any CPU
		{B4E73E8C-7B93-4D54-8480-A7784A469770}.Debug|ARM.ActiveCfg = Debug|ARM
		{B4E73E8C-7B93-4D54-8480-A7784A469770}.Debug|ARM.Build.0 = Debug|ARM
		{B4E73E8C-7B93-4D54-8480-A7784A469770}.Debug|x64.ActiveCfg = Debug|x64
		{B4E73E8C-7B93-4D54-8480-A7784A469770}.Debug|x64.Build.0 = Debug|x64
		{B4E73E8C-7B93-4D54-8480-A7784A469770}.Debug|x86.ActiveCfg = Debug|x86
		{B4E73E8C-7B93-4D54-8480-A7784A469770}.Debug|x86.Build.0 = Debug|x86
		{B4E73E8C-7B93-4D54-8480-A7784A469770}.Release|Any CPU.ActiveCfg = Release|Any CPU
		{B4E73E8C-7B93-4D54-8480-A7784A469770}.Release|Any CPU.Build.0 = Release|Any CPU
		{B4E73E8C-7B93-4D54-8480-A7784A469770}.Release|ARM.ActiveCfg = Release|ARM
		{B4E73E8C-7B93-4D54-8480-A7784A469770}.Release|ARM.Build.0 = Release|ARM
		{B4E73E8C-7B93-4D54-8480-A7784A469770}.Release|x64.ActiveCfg = Release|x64
		{B4E73E8C-7B93-4D54-8480-A7784A469770}.Release|x64.Build.0 = Release|x64
		{B4E73E8C-7B93-4D54-8480-A7784A469770}.Release|x86.ActiveCfg = Release|x86
		{B4E73E8C-7B93-4D54-8480-A7784A469770}.Release|x86.Build.0 = Release|x86
		{DBF9F043-F881-469E-BA07-D2799EED5967}.Debug|Any CPU.ActiveCfg = Debug|x86
		{DBF9F043-F881-469E-BA07-D2799EED5967}.Debug|ARM.ActiveCfg = Debug|ARM
		{DBF9F043-F881-469E-BA07-D2799EED5967}.Debug|ARM.Build.0 = Debug|ARM
		{DBF9F043-F881-469E-BA07-D2799EED5967}.Debug|ARM.Deploy.0 = Debug|ARM
		{DBF9F043-F881-469E-BA07-D2799EED5967}.Debug|x64.ActiveCfg = Debug|x64
		{DBF9F043-F881-469E-BA07-D2799EED5967}.Debug|x64.Build.0 = Debug|x64
		{DBF9F043-F881-469E-BA07-D2799EED5967}.Debug|x64.Deploy.0 = Debug|x64
		{DBF9F043-F881-469E-BA07-D2799EED5967}.Debug|x86.ActiveCfg = Debug|x86
		{DBF9F043-F881-469E-BA07-D2799EED5967}.Debug|x86.Build.0 = Debug|x86
		{DBF9F043-F881-469E-BA07-D2799EED5967}.Debug|x86.Deploy.0 = Debug|x86
		{DBF9F043-F881-469E-BA07-D2799EED5967}.Release|Any CPU.ActiveCfg = Release|x86
		{DBF9F043-F881-469E-BA07-D2799EED5967}.Release|ARM.ActiveCfg = Release|ARM
		{DBF9F043-F881-469E-BA07-D2799EED5967}.Release|ARM.Build.0 = Release|ARM
		{DBF9F043-F881-469E-BA07-D2799EED5967}.Release|ARM.Deploy.0 = Release|ARM
		{DBF9F043-F881-469E-BA07-D2799EED5967}.Release|x64.ActiveCfg = Release|x64
		{DBF9F043-F881-469E-BA07-D2799EED5967}.Release|x64.Build.0 = Release|x64
		{DBF9F043-F881-469E-BA07-D2799EED5967}.Release|x64.Deploy.0 = Release|x64
		{DBF9F043-F881-469E-BA07-D2799EED5967}.Release|x86.ActiveCfg = Release|x86
		{DBF9F043-F881-469E-BA07-D2799EED5967}.Release|x86.Build.0 = Release|x86
		{DBF9F043-F881-469E-BA07-D2799EED5967}.Release|x86.Deploy.0 = Release|x86
	EndGlobalSection
	GlobalSection(SolutionProperties) = preSolution
		HideSolutionNode = FALSE
	EndGlobalSection
EndGlobal
